// !$*UTF8*$!
{
	archiveVersion = 1;
	classes = {
	};
	objectVersion = 46;
	objects = {

/* Begin PBXBuildFile section */
		185DD6C11BE317700042FA4B /* main.m in Sources */ = {isa = PBXBuildFile; fileRef = 185DD6C01BE317700042FA4B /* main.m */; };
		185DD6C41BE317700042FA4B /* AppDelegate.m in Sources */ = {isa = PBXBuildFile; fileRef = 185DD6C31BE317700042FA4B /* AppDelegate.m */; };
		185DD6C71BE317700042FA4B /* ViewController.m in Sources */ = {isa = PBXBuildFile; fileRef = 185DD6C61BE317700042FA4B /* ViewController.m */; };
		185DD6CA1BE317700042FA4B /* Main.storyboard in Resources */ = {isa = PBXBuildFile; fileRef = 185DD6C81BE317700042FA4B /* Main.storyboard */; };
		185DD6CD1BE317700042FA4B /* gdf.xcdatamodeld in Sources */ = {isa = PBXBuildFile; fileRef = 185DD6CB1BE317700042FA4B /* gdf.xcdatamodeld */; };
		185DD6CF1BE317700042FA4B /* Assets.xcassets in Resources */ = {isa = PBXBuildFile; fileRef = 185DD6CE1BE317700042FA4B /* Assets.xcassets */; };
		185DD6D21BE317700042FA4B /* LaunchScreen.storyboard in Resources */ = {isa = PBXBuildFile; fileRef = 185DD6D01BE317700042FA4B /* LaunchScreen.storyboard */; };
/* End PBXBuildFile section */

/* Begin PBXFileReference section */
		185DD6BC1BE317700042FA4B /* gdf.app */ = {isa = PBXFileReference; explicitFileType = wrapper.application; includeInIndex = 0; path = gdf.app; sourceTree = BUILT_PRODUCTS_DIR; };
		185DD6C01BE317700042FA4B /* main.m */ = {isa = PBXFileReference; lastKnownFileType = sourcecode.c.objc; path = main.m; sourceTree = "<group>"; };
		185DD6C21BE317700042FA4B /* AppDelegate.h */ = {isa = PBXFileReference; lastKnownFileType = sourcecode.c.h; path = AppDelegate.h; sourceTree = "<group>"; };
		185DD6C31BE317700042FA4B /* AppDelegate.m */ = {isa = PBXFileReference; lastKnownFileType = sourcecode.c.objc; path = AppDelegate.m; sourceTree = "<group>"; };
		185DD6C51BE317700042FA4B /* ViewController.h */ = {isa = PBXFileReference; lastKnownFileType = sourcecode.c.h; path = ViewController.h; sourceTree = "<group>"; };
		185DD6C61BE317700042FA4B /* ViewController.m */ = {isa = PBXFileReference; lastKnownFileType = sourcecode.c.objc; path = ViewController.m; sourceTree = "<group>"; };
		185DD6C91BE317700042FA4B /* Base */ = {isa = PBXFileReference; lastKnownFileType = file.storyboard; name = Base; path = Base.lproj/Main.storyboard; sourceTree = "<group>"; };
		185DD6CC1BE317700042FA4B /* gdf.xcdatamodel */ = {isa = PBXFileReference; lastKnownFileType = wrapper.xcdatamodel; path = gdf.xcdatamodel; sourceTree = "<group>"; };
		185DD6CE1BE317700042FA4B /* Assets.xcassets */ = {isa = PBXFileReference; lastKnownFileType = folder.assetcatalog; path = Assets.xcassets; sourceTree = "<group>"; };
		185DD6D11BE317700042FA4B /* Base */ = {isa = PBXFileReference; lastKnownFileType = file.storyboard; name = Base; path = Base.lproj/LaunchScreen.storyboard; sourceTree = "<group>"; };
		185DD6D31BE317700042FA4B /* Info.plist */ = {isa = PBXFileReference; lastKnownFileType = text.plist.xml; path = Info.plist; sourceTree = "<group>"; };
/* End PBXFileReference section */

/* Begin PBXFrameworksBuildPhase section */
		185DD6B91BE317700042FA4B /* Frameworks */ = {
			isa = PBXFrameworksBuildPhase;
			buildActionMask = 2147483647;
			files = (
			);
			runOnlyForDeploymentPostprocessing = 0;
		};
/* End PBXFrameworksBuildPhase section */

/* Begin PBXGroup section */
		185DD6B31BE317700042FA4B = {
			isa = PBXGroup;
			children = (
				185DD6BE1BE317700042FA4B /* gdf */,
				185DD6BD1BE317700042FA4B /* Products */,
			);
			sourceTree = "<group>";
		};
		185DD6BD1BE317700042FA4B /* Products */ = {
			isa = PBXGroup;
			children = (
				185DD6BC1BE317700042FA4B /* gdf.app */,
			);
			name = Products;
			sourceTree = "<group>";
		};
		185DD6BE1BE317700042FA4B /* gdf */ = {
			isa = PBXGroup;
			children = (
				185DD6C21BE317700042FA4B /* AppDelegate.h */,
				185DD6C31BE317700042FA4B /* AppDelegate.m */,
				185DD6C51BE317700042FA4B /* ViewController.h */,
				185DD6C61BE317700042FA4B /* ViewController.m */,
				185DD6C81BE317700042FA4B /* Main.storyboard */,
				185DD6CE1BE317700042FA4B /* Assets.xcassets */,
				185DD6D01BE317700042FA4B /* LaunchScreen.storyboard */,
				185DD6D31BE317700042FA4B /* Info.plist */,
				185DD6CB1BE317700042FA4B /* gdf.xcdatamodeld */,
				185DD6BF1BE317700042FA4B /* Supporting Files */,
			);
			path = gdf;
			sourceTree = "<group>";
		};
		185DD6BF1BE317700042FA4B /* Supporting Files */ = {
			isa = PBXGroup;
			children = (
				185DD6C01BE317700042FA4B /* main.m */,
			);
			name = "Supporting Files";
			sourceTree = "<group>";
		};
/* End PBXGroup section */

/* Begin PBXNativeTarget section */
		185DD6BB1BE317700042FA4B /* gdf */ = {
			isa = PBXNativeTarget;
			buildConfigurationList = 185DD6D61BE317700042FA4B /* Build configuration list for PBXNativeTarget "gdf" */;
			buildPhases = (
				185DD6B81BE317700042FA4B /* Sources */,
				185DD6B91BE317700042FA4B /* Frameworks */,
				185DD6BA1BE317700042FA4B /* Resources */,
			);
			buildRules = (
			);
			dependencies = (
			);
			name = gdf;
			productName = gdf;
			productReference = 185DD6BC1BE317700042FA4B /* gdf.app */;
			productType = "com.apple.product-type.application";
		};
/* End PBXNativeTarget section */

/* Begin PBXProject section */
		185DD6B41BE317700042FA4B /* Project object */ = {
			isa = PBXProject;
			attributes = {
				LastUpgradeCheck = 0710;
				ORGANIZATIONNAME = Tarena;
				TargetAttributes = {
					185DD6BB1BE317700042FA4B = {
						CreatedOnToolsVersion = 7.1;
						DevelopmentTeam = J6P9748SRQ;
					};
				};
			};
			buildConfigurationList = 185DD6B71BE317700042FA4B /* Build configuration list for PBXProject "gdf" */;
			compatibilityVersion = "Xcode 3.2";
			developmentRegion = English;
			hasScannedForEncodings = 0;
			knownRegions = (
				en,
				Base,
			);
			mainGroup = 185DD6B31BE317700042FA4B;
			productRefGroup = 185DD6BD1BE317700042FA4B /* Products */;
			projectDirPath = "";
			projectRoot = "";
			targets = (
				185DD6BB1BE317700042FA4B /* gdf */,
			);
		};
/* End PBXProject section */

/* Begin PBXResourcesBuildPhase section */
		185DD6BA1BE317700042FA4B /* Resources */ = {
			isa = PBXResourcesBuildPhase;
			buildActionMask = 2147483647;
			files = (
				185DD6D21BE317700042FA4B /* LaunchScreen.storyboard in Resources */,
				185DD6CF1BE317700042FA4B /* Assets.xcassets in Resources */,
				185DD6CA1BE317700042FA4B /* Main.storyboard in Resources */,
			);
			runOnlyForDeploymentPostprocessing = 0;
		};
/* End PBXResourcesBuildPhase section */

/* Begin PBXSourcesBuildPhase section */
		185DD6B81BE317700042FA4B /* Sources */ = {
			isa = PBXSourcesBuildPhase;
			buildActionMask = 2147483647;
			files = (
				185DD6C71BE317700042FA4B /* ViewController.m in Sources */,
				185DD6CD1BE317700042FA4B /* gdf.xcdatamodeld in Sources */,
				185DD6C41BE317700042FA4B /* AppDelegate.m in Sources */,
				185DD6C11BE317700042FA4B /* main.m in Sources */,
			);
			runOnlyForDeploymentPostprocessing = 0;
		};
/* End PBXSourcesBuildPhase section */

/* Begin PBXVariantGroup section */
		185DD6C81BE317700042FA4B /* Main.storyboard */ = {
			isa = PBXVariantGroup;
			children = (
				185DD6C91BE317700042FA4B /* Base */,
			);
			name = Main.storyboard;
			sourceTree = "<group>";
		};
		185DD6D01BE317700042FA4B /* LaunchScreen.storyboard */ = {
			isa = PBXVariantGroup;
			children = (
				185DD6D11BE317700042FA4B /* Base */,
			);
			name = LaunchScreen.storyboard;
			sourceTree = "<group>";
		};
/* End PBXVariantGroup section */

/* Begin XCBuildConfiguration section */
		185DD6D41BE317700042FA4B /* Debug */ = {
			isa = XCBuildConfiguration;
			buildSettings = {
				ALWAYS_SEARCH_USER_PATHS = NO;
				CLANG_CXX_LANGUAGE_STANDARD = "gnu++0x";
				CLANG_CXX_LIBRARY = "libc++";
				CLANG_ENABLE_MODULES = YES;
				CLANG_ENABLE_OBJC_ARC = YES;
				CLANG_WARN_BOOL_CONVERSION = YES;
				CLANG_WARN_CONSTANT_CONVERSION = YES;
				CLANG_WARN_DIRECT_OBJC_ISA_USAGE = YES_ERROR;
				CLANG_WARN_EMPTY_BODY = YES;
				CLANG_WARN_ENUM_CONVERSION = YES;
				CLANG_WARN_INT_CONVERSION = YES;
				CLANG_WARN_OBJC_ROOT_CLASS = YES_ERROR;
				CLANG_WARN_UNREACHABLE_CODE = YES;
				CLANG_WARN__DUPLICATE_METHOD_MATCH = YES;
				"CODE_SIGN_IDENTITY[sdk=iphoneos*]" = "iPhone Developer";
				COPY_PHASE_STRIP = NO;
				DEBUG_INFORMATION_FORMAT = dwarf;
				ENABLE_STRICT_OBJC_MSGSEND = YES;
				ENABLE_TESTABILITY = YES;
				GCC_C_LANGUAGE_STANDARD = gnu99;
				GCC_DYNAMIC_NO_PIC = NO;
				GCC_NO_COMMON_BLOCKS = YES;
				GCC_OPTIMIZATION_LEVEL = 0;
				GCC_PREPROCESSOR_DEFINITIONS = (
					"DEBUG=1",
					"$(inherited)",
				);
				GCC_WARN_64_TO_32_BIT_CONVERSION = YES;
				GCC_WARN_ABOUT_RETURN_TYPE = YES_ERROR;
				GCC_WARN_UNDECLARED_SELECTOR = YES;
				GCC_WARN_UNINITIALIZED_AUTOS = YES_AGGRESSIVE;
				GCC_WARN_UNUSED_FUNCTION = YES;
				GCC_WARN_UNUSED_VARIABLE = YES;
				IPHONEOS_DEPLOYMENT_TARGET = 9.1;
				MTL_ENABLE_DEBUG_INFO = YES;
				ONLY_ACTIVE_ARCH = YES;
				SDKROOT = iphoneos;
			};
			name = Debug;
		};
		185DD6D51BE317700042FA4B /* Release */ = {
			isa = XCBuildConfiguration;
			buildSettings = {
				ALWAYS_SEARCH_USER_PATHS = NO;
				CLANG_CXX_LANGUAGE_STANDARD = "gnu++0x";
				CLANG_CXX_LIBRARY = "libc++";
				CLANG_ENABLE_MODULES = YES;
				CLANG_ENABLE_OBJC_ARC = YES;
				CLANG_WARN_BOOL_CONVERSION = YES;
				CLANG_WARN_CONSTANT_CONVERSION = YES;
				CLANG_WARN_DIRECT_OBJC_ISA_USAGE = YES_ERROR;
				CLANG_WARN_EMPTY_BODY = YES;
				CLANG_WARN_ENUM_CONVERSION = YES;
				CLANG_WARN_INT_CONVERSION = YES;
				CLANG_WARN_OBJC_ROOT_CLASS = YES_ERROR;
				CLANG_WARN_UNREACHABLE_CODE = YES;
				CLANG_WARN__DUPLICATE_METHOD_MATCH = YES;
				"CODE_SIGN_IDENTITY[sdk=iphoneos*]" = "iPhone Developer";
				COPY_PHASE_STRIP = NO;
				DEBUG_INFORMATION_FORMAT = "dwarf-with-dsym";
				ENABLE_NS_ASSERTIONS = NO;
				ENABLE_STRICT_OBJC_MSGSEND = YES;
				GCC_C_LANGUAGE_STANDARD = gnu99;
				GCC_NO_COMMON_BLOCKS = YES;
				GCC_WARN_64_TO_32_BIT_CONVERSION = YES;
				GCC_WARN_ABOUT_RETURN_TYPE = YES_ERROR;
				GCC_WARN_UNDECLARED_SELECTOR = YES;
				GCC_WARN_UNINITIALIZED_AUTOS = YES_AGGRESSIVE;
				GCC_WARN_UNUSED_FUNCTION = YES;
				GCC_WARN_UNUSED_VARIABLE = YES;
				IPHONEOS_DEPLOYMENT_TARGET = 9.1;
				MTL_ENABLE_DEBUG_INFO = NO;
				SDKROOT = iphoneos;
				VALIDATE_PRODUCT = YES;
			};
			name = Release;
		};
		185DD6D71BE317700042FA4B /* Debug */ = {
			isa = XCBuildConfiguration;
			buildSettings = {
				ASSETCATALOG_COMPILER_APPICON_NAME = AppIcon;
				INFOPLIST_FILE = gdf/Info.plist;
				LD_RUNPATH_SEARCH_PATHS = "$(inherited) @executable_path/Frameworks";
				PRODUCT_BUNDLE_IDENTIFIER = com.tarena.gdf;
				PRODUCT_NAME = "$(TARGET_NAME)";
			};
			name = Debug;
		};
		185DD6D81BE317700042FA4B /* Release */ = {
			isa = XCBuildConfiguration;
			buildSettings = {
				ASSETCATALOG_COMPILER_APPICON_NAME = AppIcon;
				INFOPLIST_FILE = gdf/Info.plist;
				LD_RUNPATH_SEARCH_PATHS = "$(inherited) @executable_path/Frameworks";
				PRODUCT_BUNDLE_IDENTIFIER = com.tarena.gdf;
				PRODUCT_NAME = "$(TARGET_NAME)";
			};
			name = Release;
		};
/* End XCBuildConfiguration section */

/* Begin XCConfigurationList section */
		185DD6B71BE317700042FA4B /* Build configuration list for PBXProject "gdf" */ = {
			isa = XCConfigurationList;
			buildConfigurations = (
				185DD6D41BE317700042FA4B /* Debug */,
				185DD6D51BE317700042FA4B /* Release */,
			);
			defaultConfigurationIsVisible = 0;
			defaultConfigurationName = Release;
		};
		185DD6D61BE317700042FA4B /* Build configuration list for PBXNativeTarget "gdf" */ = {
			isa = XCConfigurationList;
			buildConfigurations = (
				185DD6D71BE317700042FA4B /* Debug */,
				185DD6D81BE317700042FA4B /* Release */,
			);
			defaultConfigurationIsVisible = 0;
		};
/* End XCConfigurationList section */

/* Begin XCVersionGroup section */
		185DD6CB1BE317700042FA4B /* gdf.xcdatamodeld */ = {
			isa = XCVersionGroup;
			children = (
				185DD6CC1BE317700042FA4B /* gdf.xcdatamodel */,
			);
			currentVersion = 185DD6CC1BE317700042FA4B /* gdf.xcdatamodel */;
			path = gdf.xcdatamodeld;
			sourceTree = "<group>";
			versionGroupType = wrapper.xcdatamodel;
		};
/* End XCVersionGroup section */
	};
	rootObject = 185DD6B41BE317700042FA4B /* Project object */;
}
